
Microsoft Visual Studio Solution File, Format Version 12.00
# Visual Studio 15
Project("{FAE04EC0-301F-11D3-BF4B-00C04F79EFBC}") = "Trie", "Trie\Trie.csproj", "{72993164-0062-477D-B373-DE07E9F15B9F}"
EndProject
Project("{FAE04EC0-301F-11D3-BF4B-00C04F79EFBC}") = "Trie.Tests", "Trie.Tests\Trie.Tests.csproj", "{C9ADD344-D22E-47D2-957E-0B24BDF1975D}"
EndProject
Global
	GlobalSection(SolutionConfigurationPlatforms) = preSolution
		Debug|Any CPU = Debug|Any CPU
		Release|Any CPU = Release|Any CPU
	EndGlobalSection
	GlobalSection(ProjectConfigurationPlatforms) = postSolution
		{72993164-0062-477D-B373-DE07E9F15B9F}.Debug|Any CPU.ActiveCfg = Debug|Any CPU
		{72993164-0062-477D-B373-DE07E9F15B9F}.Debug|Any CPU.Build.0 = Debug|Any CPU
		{72993164-0062-477D-B373-DE07E9F15B9F}.Release|Any CPU.ActiveCfg = Release|Any CPU
		{72993164-0062-477D-B373-DE07E9F15B9F}.Release|Any CPU.Build.0 = Release|Any CPU
		{C9ADD344-D22E-47D2-957E-0B24BDF1975D}.Debug|Any CPU.ActiveCfg = Debug|Any CPU
		{C9ADD344-D22E-47D2-957E-0B24BDF1975D}.Debug|Any CPU.Build.0 = Debug|Any CPU
		{C9ADD344-D22E-47D2-957E-0B24BDF1975D}.Release|Any CPU.ActiveCfg = Release|Any CPU
		{C9ADD344-D22E-47D2-957E-0B24BDF1975D}.Release|Any CPU.Build.0 = Release|Any CPU
	EndGlobalSection
EndGlobal
